Microsoft Visual Studio Solution File, Format Version 12.00
# Visual Studio Version 17
VisualStudioVersion = 17.5.2.0
MinimumVisualStudioVersion = 10.0.40219.1
Project("{FAE04EC0-301F-11D3-BF4B-00C04F79EFBC}") = "SimpleMenuApp", "SimpleMenuApp\SimpleMenuApp.csproj", "{036135F6-E664-BBE8-BDF6-AB10811F866F}"
EndProject
Global
	GlobalSection(SolutionConfigurationPlatforms) = preSolution
		Debug|Any CPU = Debug|Any CPU
		Release|Any CPU = Release|Any CPU
	EndGlobalSection
	GlobalSection(ProjectConfigurationPlatforms) = postSolution
		{036135F6-E664-BBE8-BDF6-AB10811F866F}.Debug|Any CPU.ActiveCfg = Debug|Any CPU
		{036135F6-E664-BBE8-BDF6-AB10811F866F}.Debug|Any CPU.Build.0 = Debug|Any CPU
		{036135F6-E664-BBE8-BDF6-AB10811F866F}.Release|Any CPU.ActiveCfg = Release|Any CPU
		{036135F6-E664-BBE8-BDF6-AB10811F866F}.Release|Any CPU.Build.0 = Release|Any CPU
	EndGlobalSection
	GlobalSection(SolutionProperties) = preSolution
		HideSolutionNode = FALSE
	EndGlobalSection
	GlobalSection(ExtensibilityGlobals) = postSolution
		SolutionGuid = {4E38EA5C-81C2-4DE3-B37F-A7342CA49AC8}
	EndGlobalSection
EndGlobal
